Microsoft Visual Studio Solution File, Format Version 12.00
# Visual Studio 2012
Project("{FAE04EC0-301F-11D3-BF4B-00C04F79EFBC}") = "MineSweeper", "MineSweeper.csproj", "{74248677-8FD1-4F43-876C-B0B8F4316DDA}"
EndProject
Global
	GlobalSection(SolutionConfigurationPlatforms) = preSolution
	Debug|Any CPU = Debug|Any CPU
	ExportDebug|Any CPU = ExportDebug|Any CPU
	ExportRelease|Any CPU = ExportRelease|Any CPU
	EndGlobalSection
	GlobalSection(ProjectConfigurationPlatforms) = postSolution
		{74248677-8FD1-4F43-876C-B0B8F4316DDA}.Debug|Any CPU.ActiveCfg = Debug|Any CPU
		{74248677-8FD1-4F43-876C-B0B8F4316DDA}.Debug|Any CPU.Build.0 = Debug|Any CPU
		{74248677-8FD1-4F43-876C-B0B8F4316DDA}.ExportDebug|Any CPU.ActiveCfg = ExportDebug|Any CPU
		{74248677-8FD1-4F43-876C-B0B8F4316DDA}.ExportDebug|Any CPU.Build.0 = ExportDebug|Any CPU
		{74248677-8FD1-4F43-876C-B0B8F4316DDA}.ExportRelease|Any CPU.ActiveCfg = ExportRelease|Any CPU
		{74248677-8FD1-4F43-876C-B0B8F4316DDA}.ExportRelease|Any CPU.Build.0 = ExportRelease|Any CPU
	EndGlobalSection
EndGlobal
